
Microsoft Visual Studio Solution File, Format Version 12.00
# Visual Studio Version 17
VisualStudioVersion = 17.8.34511.84
MinimumVisualStudioVersion = 10.0.40219.1
Project("{2150E333-8FDC-42A3-9474-1A3956D46DE8}") = "Src", "Src", "{0E4F558B-AB61-4CFB-8F95-9EACFB7839DC}"
EndProject
Project("{9A19103F-16F7-4668-BE54-9A1E7A4F7556}") = "Domain", "Domain\Domain.csproj", "{8A8E7A1E-68BD-4CB8-8223-332F7E5C4EEC}"
EndProject
Project("{9A19103F-16F7-4668-BE54-9A1E7A4F7556}") = "Application", "Application\Application.csproj", "{9134AA43-A8FB-47B9-ABCF-EA1674E0217D}"
EndProject
Project("{9A19103F-16F7-4668-BE54-9A1E7A4F7556}") = "Infrastructure", "Infrastructure\Infrastructure.csproj", "{673903B5-7BC7-4531-8220-8EFD95306FD9}"
EndProject
Project("{9A19103F-16F7-4668-BE54-9A1E7A4F7556}") = "API", "API\API.csproj", "{905048BE-ECE5-4167-B39C-CFAB01641EAC}"
EndProject
Global
	GlobalSection(SolutionConfigurationPlatforms) = preSolution
		Debug|Any CPU = Debug|Any CPU
		Release|Any CPU = Release|Any CPU
	EndGlobalSection
	GlobalSection(ProjectConfigurationPlatforms) = postSolution
		{8A8E7A1E-68BD-4CB8-8223-332F7E5C4EEC}.Debug|Any CPU.ActiveCfg = Debug|Any CPU
		{8A8E7A1E-68BD-4CB8-8223-332F7E5C4EEC}.Debug|Any CPU.Build.0 = Debug|Any CPU
		{8A8E7A1E-68BD-4CB8-8223-332F7E5C4EEC}.Release|Any CPU.ActiveCfg = Release|Any CPU
		{8A8E7A1E-68BD-4CB8-8223-332F7E5C4EEC}.Release|Any CPU.Build.0 = Release|Any CPU
		{9134AA43-A8FB-47B9-ABCF-EA1674E0217D}.Debug|Any CPU.ActiveCfg = Debug|Any CPU
		{9134AA43-A8FB-47B9-ABCF-EA1674E0217D}.Debug|Any CPU.Build.0 = Debug|Any CPU
		{9134AA43-A8FB-47B9-ABCF-EA1674E0217D}.Release|Any CPU.ActiveCfg = Release|Any CPU
		{9134AA43-A8FB-47B9-ABCF-EA1674E0217D}.Release|Any CPU.Build.0 = Release|Any CPU
		{673903B5-7BC7-4531-8220-8EFD95306FD9}.Debug|Any CPU.ActiveCfg = Debug|Any CPU
		{673903B5-7BC7-4531-8220-8EFD95306FD9}.Debug|Any CPU.Build.0 = Debug|Any CPU
		{673903B5-7BC7-4531-8220-8EFD95306FD9}.Release|Any CPU.ActiveCfg = Release|Any CPU
		{673903B5-7BC7-4531-8220-8EFD95306FD9}.Release|Any CPU.Build.0 = Release|Any CPU
		{905048BE-ECE5-4167-B39C-CFAB01641EAC}.Debug|Any CPU.ActiveCfg = Debug|Any CPU
		{905048BE-ECE5-4167-B39C-CFAB01641EAC}.Debug|Any CPU.Build.0 = Debug|Any CPU
		{905048BE-ECE5-4167-B39C-CFAB01641EAC}.Release|Any CPU.ActiveCfg = Release|Any CPU
		{905048BE-ECE5-4167-B39C-CFAB01641EAC}.Release|Any CPU.Build.0 = Release|Any CPU
	EndGlobalSection
	GlobalSection(SolutionProperties) = preSolution
		HideSolutionNode = FALSE
	EndGlobalSection
	GlobalSection(NestedProjects) = preSolution
		{8A8E7A1E-68BD-4CB8-8223-332F7E5C4EEC} = {0E4F558B-AB61-4CFB-8F95-9EACFB7839DC}
		{9134AA43-A8FB-47B9-ABCF-EA1674E0217D} = {0E4F558B-AB61-4CFB-8F95-9EACFB7839DC}
		{673903B5-7BC7-4531-8220-8EFD95306FD9} = {0E4F558B-AB61-4CFB-8F95-9EACFB7839DC}
		{905048BE-ECE5-4167-B39C-CFAB01641EAC} = {0E4F558B-AB61-4CFB-8F95-9EACFB7839DC}
	EndGlobalSection
	GlobalSection(ExtensibilityGlobals) = postSolution
		SolutionGuid = {CD4F8C38-7752-43ED-ACF4-31FF9C6E7C5E}
	EndGlobalSection
EndGlobal
